
Microsoft Visual Studio Solution File, Format Version 12.00
# Visual Studio Version 17
VisualStudioVersion = 17.10.35027.167
MinimumVisualStudioVersion = 10.0.40219.1
Project("{9A19103F-16F7-4668-BE54-9A1E7A4F7556}") = "HtmlToMarkdown.Console", "HtmlToMarkdownConsole\HtmlToMarkdown.Console.csproj", "{FD6E9DD1-1B1C-4B0A-90BB-37A8A9666810}"
EndProject
Project("{9A19103F-16F7-4668-BE54-9A1E7A4F7556}") = "HtmlToMarkdown.Service", "HtmlToMarkdownService\HtmlToMarkdown.Service.csproj", "{F39D7C55-DF80-4C2F-9272-AA137BAB248A}"
EndProject
Project("{9A19103F-16F7-4668-BE54-9A1E7A4F7556}") = "HtmlToMarkdown.Tests", "HtmlToMarkdownTests\HtmlToMarkdown.Tests.csproj", "{5824536B-AC41-4507-A9AF-02459DA221B9}"
EndProject
Project("{2150E333-8FDC-42A3-9474-1A3956D46DE8}") = "Solution Items", "Solution Items", "{67B49F80-0F6C-4DDF-A294-71478AF69934}"
	ProjectSection(SolutionItems) = preProject
		CHANGELOG.md = CHANGELOG.md
		README.md = README.md
	EndProjectSection
EndProject
Project("{FAE04EC0-301F-11D3-BF4B-00C04F79EFBC}") = "HtmlToMarkdown.App", "HtmlToMarkdown.App\HtmlToMarkdown.App.csproj", "{28B09496-DE09-45B7-B032-5A5728F32C1E}"
EndProject
Global
	GlobalSection(SolutionConfigurationPlatforms) = preSolution
		Debug|Any CPU = Debug|Any CPU
		Release|Any CPU = Release|Any CPU
	EndGlobalSection
	GlobalSection(ProjectConfigurationPlatforms) = postSolution
		{FD6E9DD1-1B1C-4B0A-90BB-37A8A9666810}.Debug|Any CPU.ActiveCfg = Debug|Any CPU
		{FD6E9DD1-1B1C-4B0A-90BB-37A8A9666810}.Debug|Any CPU.Build.0 = Debug|Any CPU
		{FD6E9DD1-1B1C-4B0A-90BB-37A8A9666810}.Release|Any CPU.ActiveCfg = Release|Any CPU
		{FD6E9DD1-1B1C-4B0A-90BB-37A8A9666810}.Release|Any CPU.Build.0 = Release|Any CPU
		{F39D7C55-DF80-4C2F-9272-AA137BAB248A}.Debug|Any CPU.ActiveCfg = Release|Any CPU
		{F39D7C55-DF80-4C2F-9272-AA137BAB248A}.Debug|Any CPU.Build.0 = Release|Any CPU
		{F39D7C55-DF80-4C2F-9272-AA137BAB248A}.Release|Any CPU.ActiveCfg = Release|Any CPU
		{F39D7C55-DF80-4C2F-9272-AA137BAB248A}.Release|Any CPU.Build.0 = Release|Any CPU
		{5824536B-AC41-4507-A9AF-02459DA221B9}.Debug|Any CPU.ActiveCfg = Debug|Any CPU
		{5824536B-AC41-4507-A9AF-02459DA221B9}.Debug|Any CPU.Build.0 = Debug|Any CPU
		{5824536B-AC41-4507-A9AF-02459DA221B9}.Release|Any CPU.ActiveCfg = Release|Any CPU
		{5824536B-AC41-4507-A9AF-02459DA221B9}.Release|Any CPU.Build.0 = Release|Any CPU
		{28B09496-DE09-45B7-B032-5A5728F32C1E}.Debug|Any CPU.ActiveCfg = Debug|Any CPU
		{28B09496-DE09-45B7-B032-5A5728F32C1E}.Debug|Any CPU.Build.0 = Debug|Any CPU
		{28B09496-DE09-45B7-B032-5A5728F32C1E}.Release|Any CPU.ActiveCfg = Release|Any CPU
		{28B09496-DE09-45B7-B032-5A5728F32C1E}.Release|Any CPU.Build.0 = Release|Any CPU
	EndGlobalSection
	GlobalSection(SolutionProperties) = preSolution
		HideSolutionNode = FALSE
	EndGlobalSection
	GlobalSection(ExtensibilityGlobals) = postSolution
		SolutionGuid = {77F3ADC4-8442-4045-B175-6EB937BF4599}
	EndGlobalSection
EndGlobal
